
Microsoft Visual Studio Solution File, Format Version 12.00
# Visual Studio Version 16
VisualStudioVersion = 16.0.32106.194
MinimumVisualStudioVersion = 10.0.40219.1
Project("{FAE04EC0-301F-11D3-BF4B-00C04F79EFBC}") = "4.ora", "4.ora\4.ora.csproj", "{3065D5BE-E742-4447-8944-3AB33CA1540B}"
EndProject
Global
	GlobalSection(SolutionConfigurationPlatforms) = preSolution
		Debug|Any CPU = Debug|Any CPU
		Release|Any CPU = Release|Any CPU
	EndGlobalSection
	GlobalSection(ProjectConfigurationPlatforms) = postSolution
		{3065D5BE-E742-4447-8944-3AB33CA1540B}.Debug|Any CPU.ActiveCfg = Debug|Any CPU
		{3065D5BE-E742-4447-8944-3AB33CA1540B}.Debug|Any CPU.Build.0 = Debug|Any CPU
		{3065D5BE-E742-4447-8944-3AB33CA1540B}.Release|Any CPU.ActiveCfg = Release|Any CPU
		{3065D5BE-E742-4447-8944-3AB33CA1540B}.Release|Any CPU.Build.0 = Release|Any CPU
	EndGlobalSection
	GlobalSection(SolutionProperties) = preSolution
		HideSolutionNode = FALSE
	EndGlobalSection
	GlobalSection(ExtensibilityGlobals) = postSolution
		SolutionGuid = {61F774B6-7C3F-4CC8-B6C9-07049CE86F02}
	EndGlobalSection
EndGlobal
